// !$*UTF8*$!
{
	archiveVersion = 1;
	classes = {
	};
	objectVersion = 45;
	objects = {

/* Begin PBXBuildFile section */
		1D60589F0D05DD5A006BFB54 /* Foundation.framework in Frameworks */ = {isa = PBXBuildFile; fileRef = 1D30AB110D05D00D00671497 /* Foundation.framework */; };
		1DF5F4E00D08C38300B7A737 /* UIKit.framework in Frameworks */ = {isa = PBXBuildFile; fileRef = 1DF5F4DF0D08C38300B7A737 /* UIKit.framework */; };
		288765A50DF7441C002DB57D /* CoreGraphics.framework in Frameworks */ = {isa = PBXBuildFile; fileRef = 288765A40DF7441C002DB57D /* CoreGraphics.framework */; };
		2899E5220DE3E06400AC0155 /* LinkSameViewController.xib in Resources */ = {isa = PBXBuildFile; fileRef = 2899E5210DE3E06400AC0155 /* LinkSameViewController.xib */; };
		32294957192417C800BBF4FD /* QuartzCore.framework in Frameworks */ = {isa = PBXBuildFile; fileRef = A4C0B1121214AA4600D70DAF /* QuartzCore.framework */; };
		322F131D1923DF9500F2BE47 /* Images.xcassets in Resources */ = {isa = PBXBuildFile; fileRef = 322F131C1923DF9500F2BE47 /* Images.xcassets */; };
		323E36D919586C3300114D56 /* LinkSameViewController.swift in Sources */ = {isa = PBXBuildFile; fileRef = 323E36D819586C3300114D56 /* LinkSameViewController.swift */; };
		32A7D4561957CE700002210A /* Piece.swift in Sources */ = {isa = PBXBuildFile; fileRef = 32A7D4551957CE700002210A /* Piece.swift */; };
		32D59DA8195758A100E4A41C /* MyRightLabel.swift in Sources */ = {isa = PBXBuildFile; fileRef = 32D59DA7195758A100E4A41C /* MyRightLabel.swift */; };
		32DAD06E1959FF8C005095C6 /* AppDelegate.swift in Sources */ = {isa = PBXBuildFile; fileRef = 32DAD06D1959FF8C005095C6 /* AppDelegate.swift */; };
		32EEBEFC195A5C5B004E0823 /* Board.swift in Sources */ = {isa = PBXBuildFile; fileRef = 32EEBEFB195A5C5B004E0823 /* Board.swift */; };
		32FE1D80195790270068B6B0 /* NewGameController.swift in Sources */ = {isa = PBXBuildFile; fileRef = 32FE1D7F195790270068B6B0 /* NewGameController.swift */; };
		A41D6EC91216F85E00638030 /* linkhelp.html in Resources */ = {isa = PBXBuildFile; fileRef = A41D6EC81216F85E00638030 /* linkhelp.html */; };
		A4439A8812158819003831A0 /* About these icons.rtf in Resources */ = {isa = PBXBuildFile; fileRef = A4439A8712158819003831A0 /* About these icons.rtf */; };
		A4B7B5E9121306DF008BEA15 /* foods in Resources */ = {isa = PBXBuildFile; fileRef = A4B7B5C3121306DF008BEA15 /* foods */; };
		A4B7B5EC121307AB008BEA15 /* background.jpg in Resources */ = {isa = PBXBuildFile; fileRef = A4B7B5EB121307AB008BEA15 /* background.jpg */; };
/* End PBXBuildFile section */

/* Begin PBXFileReference section */
		1D30AB110D05D00D00671497 /* Foundation.framework */ = {isa = PBXFileReference; lastKnownFileType = wrapper.framework; name = Foundation.framework; path = System/Library/Frameworks/Foundation.framework; sourceTree = SDKROOT; };
		1D3623240D0F684500981E51 /* AppDelegate.h */ = {isa = PBXFileReference; fileEncoding = 4; lastKnownFileType = sourcecode.c.h; path = AppDelegate.h; sourceTree = "<group>"; };
		1D3623250D0F684500981E51 /* AppDelegate.m */ = {isa = PBXFileReference; fileEncoding = 4; lastKnownFileType = sourcecode.c.objc; path = AppDelegate.m; sourceTree = "<group>"; };
		1D6058910D05DD3D006BFB54 /* LinkSame.app */ = {isa = PBXFileReference; explicitFileType = wrapper.application; includeInIndex = 0; path = LinkSame.app; sourceTree = BUILT_PRODUCTS_DIR; };
		1DF5F4DF0D08C38300B7A737 /* UIKit.framework */ = {isa = PBXFileReference; lastKnownFileType = wrapper.framework; name = UIKit.framework; path = System/Library/Frameworks/UIKit.framework; sourceTree = SDKROOT; };
		288765A40DF7441C002DB57D /* CoreGraphics.framework */ = {isa = PBXFileReference; lastKnownFileType = wrapper.framework; name = CoreGraphics.framework; path = System/Library/Frameworks/CoreGraphics.framework; sourceTree = SDKROOT; };
		2899E5210DE3E06400AC0155 /* LinkSameViewController.xib */ = {isa = PBXFileReference; lastKnownFileType = file.xib; name = LinkSameViewController.xib; path = ../LinkSameViewController.xib; sourceTree = "<group>"; };
		28D7ACF60DDB3853001CB0EB /* LinkSameViewController.h */ = {isa = PBXFileReference; fileEncoding = 4; lastKnownFileType = sourcecode.c.h; path = LinkSameViewController.h; sourceTree = "<group>"; };
		28D7ACF70DDB3853001CB0EB /* LinkSameViewController.m */ = {isa = PBXFileReference; fileEncoding = 4; lastKnownFileType = sourcecode.c.objc; path = LinkSameViewController.m; sourceTree = "<group>"; };
		29B97316FDCFA39411CA2CEA /* main.m */ = {isa = PBXFileReference; fileEncoding = 4; lastKnownFileType = sourcecode.c.objc; path = main.m; sourceTree = "<group>"; };
		3229495A1924233D00BBF4FD /* launchImage.png */ = {isa = PBXFileReference; lastKnownFileType = image.png; path = launchImage.png; sourceTree = "<group>"; };
		3229495B1924233D00BBF4FD /* launchImageSingle.png */ = {isa = PBXFileReference; lastKnownFileType = image.png; path = launchImageSingle.png; sourceTree = "<group>"; };
		3229495C19244A0600BBF4FD /* MyRightLabel.h */ = {isa = PBXFileReference; fileEncoding = 4; lastKnownFileType = sourcecode.c.h; path = MyRightLabel.h; sourceTree = "<group>"; };
		3229495D19244A0600BBF4FD /* MyRightLabel.m */ = {isa = PBXFileReference; fileEncoding = 4; lastKnownFileType = sourcecode.c.objc; path = MyRightLabel.m; sourceTree = "<group>"; };
		322F131C1923DF9500F2BE47 /* Images.xcassets */ = {isa = PBXFileReference; lastKnownFileType = folder.assetcatalog; name = Images.xcassets; path = LinkSame/Images.xcassets; sourceTree = "<group>"; };
		322F131E1923E71800F2BE47 /* bigIcon2.png */ = {isa = PBXFileReference; lastKnownFileType = image.png; path = bigIcon2.png; sourceTree = "<group>"; };
		322F131F1923E72900F2BE47 /* bigIcon2.psd */ = {isa = PBXFileReference; lastKnownFileType = file; path = bigIcon2.psd; sourceTree = "<group>"; };
		322F13201923E73200F2BE47 /* icon2.png */ = {isa = PBXFileReference; lastKnownFileType = image.png; path = icon2.png; sourceTree = "<group>"; };
		322F13221923E8A600F2BE47 /* icon2singleresolution.png */ = {isa = PBXFileReference; lastKnownFileType = image.png; path = icon2singleresolution.png; sourceTree = "<group>"; };
		323E36D819586C3300114D56 /* LinkSameViewController.swift */ = {isa = PBXFileReference; fileEncoding = 4; lastKnownFileType = sourcecode.swift; path = LinkSameViewController.swift; sourceTree = "<group>"; };
		32A7D4551957CE700002210A /* Piece.swift */ = {isa = PBXFileReference; fileEncoding = 4; lastKnownFileType = sourcecode.swift; path = Piece.swift; sourceTree = "<group>"; };
		32CA4F630368D1EE00C91783 /* LinkSame_Prefix.pch */ = {isa = PBXFileReference; fileEncoding = 4; lastKnownFileType = sourcecode.c.h; path = LinkSame_Prefix.pch; sourceTree = "<group>"; };
		32D59DA6195758A000E4A41C /* LinkSame-Bridging-Header.h */ = {isa = PBXFileReference; lastKnownFileType = sourcecode.c.h; path = "LinkSame-Bridging-Header.h"; sourceTree = "<group>"; };
		32D59DA7195758A100E4A41C /* MyRightLabel.swift */ = {isa = PBXFileReference; fileEncoding = 4; lastKnownFileType = sourcecode.swift; path = MyRightLabel.swift; sourceTree = "<group>"; };
		32DAD06D1959FF8C005095C6 /* AppDelegate.swift */ = {isa = PBXFileReference; fileEncoding = 4; lastKnownFileType = sourcecode.swift; path = AppDelegate.swift; sourceTree = "<group>"; };
		32EEBEFB195A5C5B004E0823 /* Board.swift */ = {isa = PBXFileReference; fileEncoding = 4; lastKnownFileType = sourcecode.swift; path = Board.swift; sourceTree = "<group>"; };
		32FE1D7F195790270068B6B0 /* NewGameController.swift */ = {isa = PBXFileReference; fileEncoding = 4; lastKnownFileType = sourcecode.swift; path = NewGameController.swift; sourceTree = "<group>"; };
		8D1107310486CEB800E47090 /* LinkSame-Info.plist */ = {isa = PBXFileReference; fileEncoding = 4; lastKnownFileType = text.plist.xml; path = "LinkSame-Info.plist"; plistStructureDefinitionIdentifier = "com.apple.xcode.plist.structure-definition.iphone.info-plist"; sourceTree = "<group>"; };
		A41D6EC81216F85E00638030 /* linkhelp.html */ = {isa = PBXFileReference; fileEncoding = 4; lastKnownFileType = text.html; path = linkhelp.html; sourceTree = "<group>"; };
		A4439A8712158819003831A0 /* About these icons.rtf */ = {isa = PBXFileReference; lastKnownFileType = text.rtf; path = "About these icons.rtf"; sourceTree = "<group>"; };
		A4439AD412158B06003831A0 /* NewGameController.h */ = {isa = PBXFileReference; fileEncoding = 4; lastKnownFileType = sourcecode.c.h; path = NewGameController.h; sourceTree = "<group>"; };
		A4439AD512158B06003831A0 /* NewGameController.m */ = {isa = PBXFileReference; fileEncoding = 4; lastKnownFileType = sourcecode.c.objc; path = NewGameController.m; sourceTree = "<group>"; };
		A4A13CD51264D02100ECD3F5 /* Default-Landscape.png */ = {isa = PBXFileReference; lastKnownFileType = image.png; path = "Default-Landscape.png"; sourceTree = "<group>"; };
		A4A697E712135B2F00D955E4 /* Board.h */ = {isa = PBXFileReference; fileEncoding = 4; lastKnownFileType = sourcecode.c.h; path = Board.h; sourceTree = "<group>"; };
		A4A697E812135B2F00D955E4 /* Board.m */ = {isa = PBXFileReference; fileEncoding = 4; lastKnownFileType = sourcecode.c.objc; path = Board.m; sourceTree = "<group>"; };
		A4A69814121369AA00D955E4 /* MutableArrayCategories.h */ = {isa = PBXFileReference; fileEncoding = 4; lastKnownFileType = sourcecode.c.h; path = MutableArrayCategories.h; sourceTree = "<group>"; };
		A4A69815121369AA00D955E4 /* MutableArrayCategories.m */ = {isa = PBXFileReference; fileEncoding = 4; lastKnownFileType = sourcecode.c.objc; path = MutableArrayCategories.m; sourceTree = "<group>"; };
		A4AC7E1C12636D4F00FA442E /* Changes */ = {isa = PBXFileReference; fileEncoding = 4; lastKnownFileType = text; path = Changes; sourceTree = "<group>"; };
		A4B7B5C3121306DF008BEA15 /* foods */ = {isa = PBXFileReference; lastKnownFileType = folder; path = foods; sourceTree = "<group>"; };
		A4B7B5EB121307AB008BEA15 /* background.jpg */ = {isa = PBXFileReference; lastKnownFileType = image.jpeg; path = background.jpg; sourceTree = "<group>"; };
		A4B7B64212130DC5008BEA15 /* Piece.h */ = {isa = PBXFileReference; fileEncoding = 4; lastKnownFileType = sourcecode.c.h; path = Piece.h; sourceTree = "<group>"; };
		A4B7B64312130DC5008BEA15 /* Piece.m */ = {isa = PBXFileReference; fileEncoding = 4; lastKnownFileType = sourcecode.c.objc; path = Piece.m; sourceTree = "<group>"; };
		A4C07EB31219EB6A005D1E53 /* bigIcon.png */ = {isa = PBXFileReference; lastKnownFileType = image.png; path = bigIcon.png; sourceTree = "<group>"; };
		A4C07EB41219EB6A005D1E53 /* bigIcon.psd */ = {isa = PBXFileReference; lastKnownFileType = file; path = bigIcon.psd; sourceTree = "<group>"; };
		A4C07EB51219EB6A005D1E53 /* icon.png */ = {isa = PBXFileReference; lastKnownFileType = image.png; path = icon.png; sourceTree = "<group>"; };
		A4C07EB61219EB6A005D1E53 /* icon.psd */ = {isa = PBXFileReference; lastKnownFileType = file; path = icon.psd; sourceTree = "<group>"; };
		A4C07EB71219EB6A005D1E53 /* sushi.psd */ = {isa = PBXFileReference; lastKnownFileType = file; path = sushi.psd; sourceTree = "<group>"; };
		A4C0B1121214AA4600D70DAF /* QuartzCore.framework */ = {isa = PBXFileReference; lastKnownFileType = wrapper.framework; name = QuartzCore.framework; path = System/Library/Frameworks/QuartzCore.framework; sourceTree = SDKROOT; };
/* End PBXFileReference section */

/* Begin PBXFrameworksBuildPhase section */
		1D60588F0D05DD3D006BFB54 /* Frameworks */ = {
			isa = PBXFrameworksBuildPhase;
			buildActionMask = 2147483647;
			files = (
				32294957192417C800BBF4FD /* QuartzCore.framework in Frameworks */,
				1D60589F0D05DD5A006BFB54 /* Foundation.framework in Frameworks */,
				1DF5F4E00D08C38300B7A737 /* UIKit.framework in Frameworks */,
				288765A50DF7441C002DB57D /* CoreGraphics.framework in Frameworks */,
			);
			runOnlyForDeploymentPostprocessing = 0;
		};
/* End PBXFrameworksBuildPhase section */

/* Begin PBXGroup section */
		080E96DDFE201D6D7F000001 /* Classes */ = {
			isa = PBXGroup;
			children = (
				1D3623240D0F684500981E51 /* AppDelegate.h */,
				1D3623250D0F684500981E51 /* AppDelegate.m */,
				32DAD06D1959FF8C005095C6 /* AppDelegate.swift */,
				28D7ACF60DDB3853001CB0EB /* LinkSameViewController.h */,
				28D7ACF70DDB3853001CB0EB /* LinkSameViewController.m */,
				323E36D819586C3300114D56 /* LinkSameViewController.swift */,
				2899E5210DE3E06400AC0155 /* LinkSameViewController.xib */,
				A4B7B64212130DC5008BEA15 /* Piece.h */,
				A4B7B64312130DC5008BEA15 /* Piece.m */,
				32A7D4551957CE700002210A /* Piece.swift */,
				A4A697E712135B2F00D955E4 /* Board.h */,
				A4A697E812135B2F00D955E4 /* Board.m */,
				32EEBEFB195A5C5B004E0823 /* Board.swift */,
				A4A69814121369AA00D955E4 /* MutableArrayCategories.h */,
				A4A69815121369AA00D955E4 /* MutableArrayCategories.m */,
				A4439AD412158B06003831A0 /* NewGameController.h */,
				A4439AD512158B06003831A0 /* NewGameController.m */,
				32FE1D7F195790270068B6B0 /* NewGameController.swift */,
				3229495C19244A0600BBF4FD /* MyRightLabel.h */,
				3229495D19244A0600BBF4FD /* MyRightLabel.m */,
				32D59DA7195758A100E4A41C /* MyRightLabel.swift */,
				32D59DA6195758A000E4A41C /* LinkSame-Bridging-Header.h */,
			);
			path = Classes;
			sourceTree = "<group>";
		};
		19C28FACFE9D520D11CA2CBB /* Products */ = {
			isa = PBXGroup;
			children = (
				1D6058910D05DD3D006BFB54 /* LinkSame.app */,
			);
			name = Products;
			sourceTree = "<group>";
		};
		29B97314FDCFA39411CA2CEA /* CustomTemplate */ = {
			isa = PBXGroup;
			children = (
				080E96DDFE201D6D7F000001 /* Classes */,
				29B97315FDCFA39411CA2CEA /* Other Sources */,
				29B97317FDCFA39411CA2CEA /* Resources */,
				29B97323FDCFA39411CA2CEA /* Frameworks */,
				19C28FACFE9D520D11CA2CBB /* Products */,
			);
			name = CustomTemplate;
			sourceTree = "<group>";
		};
		29B97315FDCFA39411CA2CEA /* Other Sources */ = {
			isa = PBXGroup;
			children = (
				32CA4F630368D1EE00C91783 /* LinkSame_Prefix.pch */,
				29B97316FDCFA39411CA2CEA /* main.m */,
			);
			name = "Other Sources";
			sourceTree = "<group>";
		};
		29B97317FDCFA39411CA2CEA /* Resources */ = {
			isa = PBXGroup;
			children = (
				322F131C1923DF9500F2BE47 /* Images.xcassets */,
				A4C07EB31219EB6A005D1E53 /* bigIcon.png */,
				A4C07EB41219EB6A005D1E53 /* bigIcon.psd */,
				322F131E1923E71800F2BE47 /* bigIcon2.png */,
				322F131F1923E72900F2BE47 /* bigIcon2.psd */,
				A4C07EB51219EB6A005D1E53 /* icon.png */,
				322F13201923E73200F2BE47 /* icon2.png */,
				322F13221923E8A600F2BE47 /* icon2singleresolution.png */,
				A4C07EB61219EB6A005D1E53 /* icon.psd */,
				A4C07EB71219EB6A005D1E53 /* sushi.psd */,
				3229495A1924233D00BBF4FD /* launchImage.png */,
				3229495B1924233D00BBF4FD /* launchImageSingle.png */,
				A41D6EC81216F85E00638030 /* linkhelp.html */,
				A4439A8712158819003831A0 /* About these icons.rtf */,
				A4B7B5EB121307AB008BEA15 /* background.jpg */,
				A4B7B5C3121306DF008BEA15 /* foods */,
				8D1107310486CEB800E47090 /* LinkSame-Info.plist */,
				A4AC7E1C12636D4F00FA442E /* Changes */,
				A4A13CD51264D02100ECD3F5 /* Default-Landscape.png */,
			);
			name = Resources;
			sourceTree = "<group>";
		};
		29B97323FDCFA39411CA2CEA /* Frameworks */ = {
			isa = PBXGroup;
			children = (
				1DF5F4DF0D08C38300B7A737 /* UIKit.framework */,
				1D30AB110D05D00D00671497 /* Foundation.framework */,
				288765A40DF7441C002DB57D /* CoreGraphics.framework */,
				A4C0B1121214AA4600D70DAF /* QuartzCore.framework */,
			);
			name = Frameworks;
			sourceTree = "<group>";
		};
/* End PBXGroup section */

/* Begin PBXNativeTarget section */
		1D6058900D05DD3D006BFB54 /* LinkSame */ = {
			isa = PBXNativeTarget;
			buildConfigurationList = 1D6058960D05DD3E006BFB54 /* Build configuration list for PBXNativeTarget "LinkSame" */;
			buildPhases = (
				1D60588D0D05DD3D006BFB54 /* Resources */,
				1D60588E0D05DD3D006BFB54 /* Sources */,
				1D60588F0D05DD3D006BFB54 /* Frameworks */,
			);
			buildRules = (
			);
			dependencies = (
			);
			name = LinkSame;
			productName = LinkSame;
			productReference = 1D6058910D05DD3D006BFB54 /* LinkSame.app */;
			productType = "com.apple.product-type.application";
		};
/* End PBXNativeTarget section */

/* Begin PBXProject section */
		29B97313FDCFA39411CA2CEA /* Project object */ = {
			isa = PBXProject;
			attributes = {
				TargetAttributes = {
					1D6058900D05DD3D006BFB54 = {
						DevelopmentTeam = W3LHX5RGV2;
					};
				};
			};
			buildConfigurationList = C01FCF4E08A954540054247B /* Build configuration list for PBXProject "LinkSame" */;
			compatibilityVersion = "Xcode 3.1";
			developmentRegion = English;
			hasScannedForEncodings = 1;
			knownRegions = (
				English,
				Japanese,
				French,
				German,
			);
			mainGroup = 29B97314FDCFA39411CA2CEA /* CustomTemplate */;
			projectDirPath = "";
			projectRoot = "";
			targets = (
				1D6058900D05DD3D006BFB54 /* LinkSame */,
			);
		};
/* End PBXProject section */

/* Begin PBXResourcesBuildPhase section */
		1D60588D0D05DD3D006BFB54 /* Resources */ = {
			isa = PBXResourcesBuildPhase;
			buildActionMask = 2147483647;
			files = (
				322F131D1923DF9500F2BE47 /* Images.xcassets in Resources */,
				2899E5220DE3E06400AC0155 /* LinkSameViewController.xib in Resources */,
				A4B7B5E9121306DF008BEA15 /* foods in Resources */,
				A4B7B5EC121307AB008BEA15 /* background.jpg in Resources */,
				A4439A8812158819003831A0 /* About these icons.rtf in Resources */,
				A41D6EC91216F85E00638030 /* linkhelp.html in Resources */,
			);
			runOnlyForDeploymentPostprocessing = 0;
		};
/* End PBXResourcesBuildPhase section */

/* Begin PBXSourcesBuildPhase section */
		1D60588E0D05DD3D006BFB54 /* Sources */ = {
			isa = PBXSourcesBuildPhase;
			buildActionMask = 2147483647;
			files = (
				323E36D919586C3300114D56 /* LinkSameViewController.swift in Sources */,
				32DAD06E1959FF8C005095C6 /* AppDelegate.swift in Sources */,
				32D59DA8195758A100E4A41C /* MyRightLabel.swift in Sources */,
				32FE1D80195790270068B6B0 /* NewGameController.swift in Sources */,
				32A7D4561957CE700002210A /* Piece.swift in Sources */,
				32EEBEFC195A5C5B004E0823 /* Board.swift in Sources */,
			);
			runOnlyForDeploymentPostprocessing = 0;
		};
/* End PBXSourcesBuildPhase section */

/* Begin XCBuildConfiguration section */
		1D6058940D05DD3E006BFB54 /* Debug */ = {
			isa = XCBuildConfiguration;
			buildSettings = {
				ALWAYS_SEARCH_USER_PATHS = NO;
				ASSETCATALOG_COMPILER_APPICON_NAME = AppIcon;
				ASSETCATALOG_COMPILER_LAUNCHIMAGE_NAME = LaunchImage;
				CLANG_ENABLE_MODULES = YES;
				CLANG_ENABLE_OBJC_ARC = YES;
				CODE_SIGN_IDENTITY = "iPhone Developer";
				"CODE_SIGN_IDENTITY[sdk=iphoneos*]" = "iPhone Developer";
				COPY_PHASE_STRIP = NO;
				GCC_DYNAMIC_NO_PIC = NO;
				GCC_OPTIMIZATION_LEVEL = 0;
				GCC_PRECOMPILE_PREFIX_HEADER = YES;
				GCC_PREFIX_HEADER = LinkSame_Prefix.pch;
				GCC_VERSION = com.apple.compilers.llvm.clang.1_0;
				INFOPLIST_FILE = "LinkSame-Info.plist";
				IPHONEOS_DEPLOYMENT_TARGET = 8.0;
				LD_RUNPATH_SEARCH_PATHS = "$(inherited) @executable_path/Frameworks";
				PRODUCT_NAME = LinkSame;
				PROVISIONING_PROFILE = "";
				SWIFT_OBJC_BRIDGING_HEADER = "Classes/LinkSame-Bridging-Header.h";
				SWIFT_OPTIMIZATION_LEVEL = "-Onone";
			};
			name = Debug;
		};
		1D6058950D05DD3E006BFB54 /* Release */ = {
			isa = XCBuildConfiguration;
			buildSettings = {
				ALWAYS_SEARCH_USER_PATHS = NO;
				ASSETCATALOG_COMPILER_APPICON_NAME = AppIcon;
				ASSETCATALOG_COMPILER_LAUNCHIMAGE_NAME = LaunchImage;
				CLANG_ENABLE_MODULES = YES;
				CLANG_ENABLE_OBJC_ARC = YES;
				CODE_SIGN_IDENTITY = "iPhone Developer";
				"CODE_SIGN_IDENTITY[sdk=iphoneos*]" = "iPhone Developer";
				COPY_PHASE_STRIP = YES;
				GCC_PRECOMPILE_PREFIX_HEADER = YES;
				GCC_PREFIX_HEADER = LinkSame_Prefix.pch;
				GCC_VERSION = com.apple.compilers.llvm.clang.1_0;
				INFOPLIST_FILE = "LinkSame-Info.plist";
				IPHONEOS_DEPLOYMENT_TARGET = 8.0;
				LD_RUNPATH_SEARCH_PATHS = "$(inherited) @executable_path/Frameworks";
				PRODUCT_NAME = LinkSame;
				PROVISIONING_PROFILE = "";
				SWIFT_OBJC_BRIDGING_HEADER = "Classes/LinkSame-Bridging-Header.h";
				VALIDATE_PRODUCT = YES;
			};
			name = Release;
		};
		A4C07F0E1219F18A005D1E53 /* Distribution */ = {
			isa = XCBuildConfiguration;
			buildSettings = {
				ARCHS = "$(ARCHS_UNIVERSAL_IPHONE_OS)";
				"CODE_SIGN_IDENTITY[sdk=iphoneos*]" = "iPhone Developer";
				GCC_C_LANGUAGE_STANDARD = c99;
				GCC_VERSION = com.apple.compilers.llvmgcc42;
				GCC_WARN_ABOUT_RETURN_TYPE = YES;
				GCC_WARN_UNUSED_VARIABLE = YES;
				OTHER_CFLAGS = "-DNS_BLOCK_ASSERTIONS=1";
				PREBINDING = NO;
				SDKROOT = iphoneos;
				TARGETED_DEVICE_FAMILY = 2;
			};
			name = Distribution;
		};
		A4C07F0F1219F18A005D1E53 /* Distribution */ = {
			isa = XCBuildConfiguration;
			buildSettings = {
				ALWAYS_SEARCH_USER_PATHS = NO;
				ASSETCATALOG_COMPILER_APPICON_NAME = AppIcon;
				ASSETCATALOG_COMPILER_LAUNCHIMAGE_NAME = LaunchImage;
				CLANG_ENABLE_MODULES = YES;
				CLANG_ENABLE_OBJC_ARC = YES;
				CODE_SIGN_IDENTITY = "iPhone Developer";
				"CODE_SIGN_IDENTITY[sdk=iphoneos*]" = "iPhone Distribution: Matt Neuburg (W3LHX5RGV2)";
				COPY_PHASE_STRIP = YES;
				GCC_PRECOMPILE_PREFIX_HEADER = YES;
				GCC_PREFIX_HEADER = LinkSame_Prefix.pch;
				GCC_VERSION = com.apple.compilers.llvm.clang.1_0;
				INFOPLIST_FILE = "LinkSame-Info.plist";
				IPHONEOS_DEPLOYMENT_TARGET = 8.0;
				LD_RUNPATH_SEARCH_PATHS = "$(inherited) @executable_path/Frameworks";
				PRODUCT_NAME = LinkSame;
				PROVISIONING_PROFILE = "";
				"PROVISIONING_PROFILE[sdk=iphoneos*]" = "4FD990A9-F867-47F2-B59E-D77A2DB45CAB";
				SWIFT_OBJC_BRIDGING_HEADER = "Classes/LinkSame-Bridging-Header.h";
				VALIDATE_PRODUCT = YES;
			};
			name = Distribution;
		};
		C01FCF4F08A954540054247B /* Debug */ = {
			isa = XCBuildConfiguration;
			buildSettings = {
				ARCHS = "$(ARCHS_UNIVERSAL_IPHONE_OS)";
				"CODE_SIGN_IDENTITY[sdk=iphoneos*]" = "iPhone Developer";
				GCC_C_LANGUAGE_STANDARD = c99;
				GCC_VERSION = com.apple.compilers.llvmgcc42;
				GCC_WARN_ABOUT_RETURN_TYPE = YES;
				GCC_WARN_UNUSED_VARIABLE = YES;
				PREBINDING = NO;
				SDKROOT = iphoneos;
				TARGETED_DEVICE_FAMILY = 2;
			};
			name = Debug;
		};
		C01FCF5008A954540054247B /* Release */ = {
			isa = XCBuildConfiguration;
			buildSettings = {
				ARCHS = "$(ARCHS_UNIVERSAL_IPHONE_OS)";
				"CODE_SIGN_IDENTITY[sdk=iphoneos*]" = "iPhone Developer";
				GCC_C_LANGUAGE_STANDARD = c99;
				GCC_VERSION = com.apple.compilers.llvmgcc42;
				GCC_WARN_ABOUT_RETURN_TYPE = YES;
				GCC_WARN_UNUSED_VARIABLE = YES;
				OTHER_CFLAGS = "-DNS_BLOCK_ASSERTIONS=1";
				PREBINDING = NO;
				SDKROOT = iphoneos;
				TARGETED_DEVICE_FAMILY = 2;
			};
			name = Release;
		};
/* End XCBuildConfiguration section */

/* Begin XCConfigurationList section */
		1D6058960D05DD3E006BFB54 /* Build configuration list for PBXNativeTarget "LinkSame" */ = {
			isa = XCConfigurationList;
			buildConfigurations = (
				1D6058940D05DD3E006BFB54 /* Debug */,
				1D6058950D05DD3E006BFB54 /* Release */,
				A4C07F0F1219F18A005D1E53 /* Distribution */,
			);
			defaultConfigurationIsVisible = 0;
			defaultConfigurationName = Release;
		};
		C01FCF4E08A954540054247B /* Build configuration list for PBXProject "LinkSame" */ = {
			isa = XCConfigurationList;
			buildConfigurations = (
				C01FCF4F08A954540054247B /* Debug */,
				C01FCF5008A954540054247B /* Release */,
				A4C07F0E1219F18A005D1E53 /* Distribution */,
			);
			defaultConfigurationIsVisible = 0;
			defaultConfigurationName = Release;
		};
/* End XCConfigurationList section */
	};
	rootObject = 29B97313FDCFA39411CA2CEA /* Project object */;
}
