// !$*UTF8*$!
{
	archiveVersion = 1;
	classes = {
	};
	objectVersion = 77;
	objects = {

/* Begin PBXBuildFile section */
		3F0BBD212DE0A9D000D60735 /* SnapshotTesting in Frameworks */ = {isa = PBXBuildFile; productRef = 3F0BBD202DE0A9D000D60735 /* SnapshotTesting */; };
		3F6B09D62DDBC6520053C85C /* foods in Resources */ = {isa = PBXBuildFile; fileRef = 3F6B09D52DDBC62A0053C85C /* foods */; };
		3FE2612D2DEF914500E69400 /* WaitWhile in Frameworks */ = {isa = PBXBuildFile; productRef = 3FE2612C2DEF914500E69400 /* WaitWhile */; };
/* End PBXBuildFile section */

/* Begin PBXContainerItemProxy section */
		3F2955C22DDF7C7D0080F31B /* PBXContainerItemProxy */ = {
			isa = PBXContainerItemProxy;
			containerPortal = 3F6B09102DDBC17E0053C85C /* Project object */;
			proxyType = 1;
			remoteGlobalIDString = 3F6B09172DDBC17E0053C85C;
			remoteInfo = LinkSameNew;
		};
/* End PBXContainerItemProxy section */

/* Begin PBXFileReference section */
		3F2955BE2DDF7C7D0080F31B /* LinkSameTests.xctest */ = {isa = PBXFileReference; explicitFileType = wrapper.cfbundle; includeInIndex = 0; path = LinkSameTests.xctest; sourceTree = BUILT_PRODUCTS_DIR; };
		3F2955CB2DDF7DFF0080F31B /* LinkSameNew.xctestplan */ = {isa = PBXFileReference; lastKnownFileType = text; path = LinkSameNew.xctestplan; sourceTree = "<group>"; };
		3F4C11DE2DDCCDF4001F4EE5 /* image files, not in target */ = {isa = PBXFileReference; lastKnownFileType = folder; path = "image files, not in target"; sourceTree = "<group>"; };
		3F6B09182DDBC17E0053C85C /* LinkSame.app */ = {isa = PBXFileReference; explicitFileType = wrapper.application; includeInIndex = 0; path = LinkSame.app; sourceTree = BUILT_PRODUCTS_DIR; };
		3F6B09D52DDBC62A0053C85C /* foods */ = {isa = PBXFileReference; lastKnownFileType = folder; path = foods; sourceTree = "<group>"; };
/* End PBXFileReference section */

/* Begin PBXFileSystemSynchronizedBuildFileExceptionSet section */
		3F6B092A2DDBC17F0053C85C /* Exceptions for "LinkSameNew" folder in "LinkSameNew" target */ = {
			isa = PBXFileSystemSynchronizedBuildFileExceptionSet;
			membershipExceptions = (
				Info.plist,
				"Stuff I'm Not Using.swift",
			);
			target = 3F6B09172DDBC17E0053C85C /* LinkSameNew */;
		};
/* End PBXFileSystemSynchronizedBuildFileExceptionSet section */

/* Begin PBXFileSystemSynchronizedRootGroup section */
		3F2955BF2DDF7C7D0080F31B /* LinkSameTests */ = {
			isa = PBXFileSystemSynchronizedRootGroup;
			path = LinkSameTests;
			sourceTree = "<group>";
		};
		3F6B091A2DDBC17E0053C85C /* LinkSameNew */ = {
			isa = PBXFileSystemSynchronizedRootGroup;
			exceptions = (
				3F6B092A2DDBC17F0053C85C /* Exceptions for "LinkSameNew" folder in "LinkSameNew" target */,
			);
			path = LinkSameNew;
			sourceTree = "<group>";
		};
/* End PBXFileSystemSynchronizedRootGroup section */

/* Begin PBXFrameworksBuildPhase section */
		3F2955BB2DDF7C7D0080F31B /* Frameworks */ = {
			isa = PBXFrameworksBuildPhase;
			buildActionMask = 2147483647;
			files = (
				3F0BBD212DE0A9D000D60735 /* SnapshotTesting in Frameworks */,
				3FE2612D2DEF914500E69400 /* WaitWhile in Frameworks */,
			);
			runOnlyForDeploymentPostprocessing = 0;
		};
		3F6B09152DDBC17E0053C85C /* Frameworks */ = {
			isa = PBXFrameworksBuildPhase;
			buildActionMask = 2147483647;
			files = (
			);
			runOnlyForDeploymentPostprocessing = 0;
		};
/* End PBXFrameworksBuildPhase section */

/* Begin PBXGroup section */
		3F6B090F2DDBC17E0053C85C = {
			isa = PBXGroup;
			children = (
				3F2955CB2DDF7DFF0080F31B /* LinkSameNew.xctestplan */,
				3F4C11DE2DDCCDF4001F4EE5 /* image files, not in target */,
				3F6B09D52DDBC62A0053C85C /* foods */,
				3F6B091A2DDBC17E0053C85C /* LinkSameNew */,
				3F2955BF2DDF7C7D0080F31B /* LinkSameTests */,
				3F6B09192DDBC17E0053C85C /* Products */,
			);
			sourceTree = "<group>";
		};
		3F6B09192DDBC17E0053C85C /* Products */ = {
			isa = PBXGroup;
			children = (
				3F6B09182DDBC17E0053C85C /* LinkSame.app */,
				3F2955BE2DDF7C7D0080F31B /* LinkSameTests.xctest */,
			);
			name = Products;
			sourceTree = "<group>";
		};
/* End PBXGroup section */

/* Begin PBXNativeTarget section */
		3F2955BD2DDF7C7D0080F31B /* LinkSameTests */ = {
			isa = PBXNativeTarget;
			buildConfigurationList = 3F2955C42DDF7C7D0080F31B /* Build configuration list for PBXNativeTarget "LinkSameTests" */;
			buildPhases = (
				3F2955BA2DDF7C7D0080F31B /* Sources */,
				3F2955BB2DDF7C7D0080F31B /* Frameworks */,
				3F2955BC2DDF7C7D0080F31B /* Resources */,
			);
			buildRules = (
			);
			dependencies = (
				3F2955C32DDF7C7D0080F31B /* PBXTargetDependency */,
			);
			fileSystemSynchronizedGroups = (
				3F2955BF2DDF7C7D0080F31B /* LinkSameTests */,
			);
			name = LinkSameTests;
			packageProductDependencies = (
				3F0BBD202DE0A9D000D60735 /* SnapshotTesting */,
				3FE2612C2DEF914500E69400 /* WaitWhile */,
			);
			productName = LinkSameTests;
			productReference = 3F2955BE2DDF7C7D0080F31B /* LinkSameTests.xctest */;
			productType = "com.apple.product-type.bundle.unit-test";
		};
		3F6B09172DDBC17E0053C85C /* LinkSameNew */ = {
			isa = PBXNativeTarget;
			buildConfigurationList = 3F6B092B2DDBC17F0053C85C /* Build configuration list for PBXNativeTarget "LinkSameNew" */;
			buildPhases = (
				3F6B09142DDBC17E0053C85C /* Sources */,
				3F6B09152DDBC17E0053C85C /* Frameworks */,
				3F6B09162DDBC17E0053C85C /* Resources */,
			);
			buildRules = (
			);
			dependencies = (
			);
			fileSystemSynchronizedGroups = (
				3F6B091A2DDBC17E0053C85C /* LinkSameNew */,
			);
			name = LinkSameNew;
			packageProductDependencies = (
			);
			productName = LinkSameNew;
			productReference = 3F6B09182DDBC17E0053C85C /* LinkSame.app */;
			productType = "com.apple.product-type.application";
		};
/* End PBXNativeTarget section */

/* Begin PBXProject section */
		3F6B09102DDBC17E0053C85C /* Project object */ = {
			isa = PBXProject;
			attributes = {
				BuildIndependentTargetsInParallel = 1;
				LastSwiftUpdateCheck = 1640;
				LastUpgradeCheck = 1640;
				TargetAttributes = {
					3F2955BD2DDF7C7D0080F31B = {
						CreatedOnToolsVersion = 16.4;
						LastSwiftMigration = 1640;
						TestTargetID = 3F6B09172DDBC17E0053C85C;
					};
					3F6B09172DDBC17E0053C85C = {
						CreatedOnToolsVersion = 16.4;
					};
				};
			};
			buildConfigurationList = 3F6B09132DDBC17E0053C85C /* Build configuration list for PBXProject "LinkSameNew" */;
			developmentRegion = en;
			hasScannedForEncodings = 0;
			knownRegions = (
				en,
				Base,
			);
			mainGroup = 3F6B090F2DDBC17E0053C85C;
			minimizedProjectReferenceProxies = 1;
			packageReferences = (
				3F0BBD1F2DE0A9D000D60735 /* XCRemoteSwiftPackageReference "swift-snapshot-testing" */,
				3FE2612B2DEF914500E69400 /* XCRemoteSwiftPackageReference "WaitWhile" */,
			);
			preferredProjectObjectVersion = 77;
			productRefGroup = 3F6B09192DDBC17E0053C85C /* Products */;
			projectDirPath = "";
			projectRoot = "";
			targets = (
				3F6B09172DDBC17E0053C85C /* LinkSameNew */,
				3F2955BD2DDF7C7D0080F31B /* LinkSameTests */,
			);
		};
/* End PBXProject section */

/* Begin PBXResourcesBuildPhase section */
		3F2955BC2DDF7C7D0080F31B /* Resources */ = {
			isa = PBXResourcesBuildPhase;
			buildActionMask = 2147483647;
			files = (
			);
			runOnlyForDeploymentPostprocessing = 0;
		};
		3F6B09162DDBC17E0053C85C /* Resources */ = {
			isa = PBXResourcesBuildPhase;
			buildActionMask = 2147483647;
			files = (
				3F6B09D62DDBC6520053C85C /* foods in Resources */,
			);
			runOnlyForDeploymentPostprocessing = 0;
		};
/* End PBXResourcesBuildPhase section */

/* Begin PBXSourcesBuildPhase section */
		3F2955BA2DDF7C7D0080F31B /* Sources */ = {
			isa = PBXSourcesBuildPhase;
			buildActionMask = 2147483647;
			files = (
			);
			runOnlyForDeploymentPostprocessing = 0;
		};
		3F6B09142DDBC17E0053C85C /* Sources */ = {
			isa = PBXSourcesBuildPhase;
			buildActionMask = 2147483647;
			files = (
			);
			runOnlyForDeploymentPostprocessing = 0;
		};
/* End PBXSourcesBuildPhase section */

/* Begin PBXTargetDependency section */
		3F2955C32DDF7C7D0080F31B /* PBXTargetDependency */ = {
			isa = PBXTargetDependency;
			target = 3F6B09172DDBC17E0053C85C /* LinkSameNew */;
			targetProxy = 3F2955C22DDF7C7D0080F31B /* PBXContainerItemProxy */;
		};
/* End PBXTargetDependency section */

/* Begin XCBuildConfiguration section */
		3F2955C52DDF7C7D0080F31B /* Debug */ = {
			isa = XCBuildConfiguration;
			buildSettings = {
				BUNDLE_LOADER = "$(TEST_HOST)";
				CLANG_ENABLE_MODULES = YES;
				CODE_SIGN_STYLE = Automatic;
				CURRENT_PROJECT_VERSION = 1;
				DEVELOPMENT_TEAM = W3LHX5RGV2;
				GENERATE_INFOPLIST_FILE = YES;
				MARKETING_VERSION = 1.0;
				PRODUCT_BUNDLE_IDENTIFIER = com.neuburg.matt.LinkSameTests;
				PRODUCT_NAME = "$(TARGET_NAME)";
				SWIFT_EMIT_LOC_STRINGS = NO;
				SWIFT_OPTIMIZATION_LEVEL = "-Onone";
				SWIFT_VERSION = 5.0;
				TARGETED_DEVICE_FAMILY = "1,2";
				TEST_HOST = "$(BUILT_PRODUCTS_DIR)/LinkSame.app/$(BUNDLE_EXECUTABLE_FOLDER_PATH)/LinkSame";
			};
			name = Debug;
		};
		3F2955C62DDF7C7D0080F31B /* Release */ = {
			isa = XCBuildConfiguration;
			buildSettings = {
				BUNDLE_LOADER = "$(TEST_HOST)";
				CLANG_ENABLE_MODULES = YES;
				CODE_SIGN_STYLE = Automatic;
				CURRENT_PROJECT_VERSION = 1;
				DEVELOPMENT_TEAM = W3LHX5RGV2;
				GENERATE_INFOPLIST_FILE = YES;
				MARKETING_VERSION = 1.0;
				PRODUCT_BUNDLE_IDENTIFIER = com.neuburg.matt.LinkSameTests;
				PRODUCT_NAME = "$(TARGET_NAME)";
				SWIFT_EMIT_LOC_STRINGS = NO;
				SWIFT_VERSION = 5.0;
				TARGETED_DEVICE_FAMILY = "1,2";
				TEST_HOST = "$(BUILT_PRODUCTS_DIR)/LinkSame.app/$(BUNDLE_EXECUTABLE_FOLDER_PATH)/LinkSame";
			};
			name = Release;
		};
		3F6B092C2DDBC17F0053C85C /* Debug */ = {
			isa = XCBuildConfiguration;
			buildSettings = {
				ASSETCATALOG_COMPILER_APPICON_NAME = AppIcon;
				ASSETCATALOG_COMPILER_GLOBAL_ACCENT_COLOR_NAME = AccentColor;
				ASSETCATALOG_COMPILER_INCLUDE_ALL_APPICON_ASSETS = YES;
				CODE_SIGN_STYLE = Automatic;
				CURRENT_PROJECT_VERSION = 4;
				DEVELOPMENT_TEAM = W3LHX5RGV2;
				GENERATE_INFOPLIST_FILE = YES;
				INFOPLIST_FILE = LinkSameNew/Info.plist;
				INFOPLIST_KEY_CFBundleDisplayName = LinkSame;
				INFOPLIST_KEY_ITSAppUsesNonExemptEncryption = NO;
				INFOPLIST_KEY_LSApplicationCategoryType = "public.app-category.kids-games";
				INFOPLIST_KEY_UIApplicationSupportsIndirectInputEvents = YES;
				INFOPLIST_KEY_UILaunchStoryboardName = LaunchScreen;
				INFOPLIST_KEY_UIRequiresFullScreen = YES;
				INFOPLIST_KEY_UISupportedInterfaceOrientations = "UIInterfaceOrientationLandscapeLeft UIInterfaceOrientationLandscapeRight";
				IPHONEOS_DEPLOYMENT_TARGET = 18.0;
				LD_RUNPATH_SEARCH_PATHS = (
					"$(inherited)",
					"@executable_path/Frameworks",
				);
				MARKETING_VERSION = 2.3;
				PRODUCT_BUNDLE_IDENTIFIER = com.neuburg.matt.LinkSame;
				PRODUCT_NAME = LinkSame;
				SWIFT_EMIT_LOC_STRINGS = YES;
				SWIFT_UPCOMING_FEATURE_EXISTENTIAL_ANY = YES;
				SWIFT_VERSION = 6.0;
				TARGETED_DEVICE_FAMILY = "1,2";
			};
			name = Debug;
		};
		3F6B092D2DDBC17F0053C85C /* Release */ = {
			isa = XCBuildConfiguration;
			buildSettings = {
				ASSETCATALOG_COMPILER_APPICON_NAME = AppIcon;
				ASSETCATALOG_COMPILER_GLOBAL_ACCENT_COLOR_NAME = AccentColor;
				ASSETCATALOG_COMPILER_INCLUDE_ALL_APPICON_ASSETS = YES;
				CODE_SIGN_STYLE = Automatic;
				CURRENT_PROJECT_VERSION = 4;
				DEVELOPMENT_TEAM = W3LHX5RGV2;
				GENERATE_INFOPLIST_FILE = YES;
				INFOPLIST_FILE = LinkSameNew/Info.plist;
				INFOPLIST_KEY_CFBundleDisplayName = LinkSame;
				INFOPLIST_KEY_ITSAppUsesNonExemptEncryption = NO;
				INFOPLIST_KEY_LSApplicationCategoryType = "public.app-category.kids-games";
				INFOPLIST_KEY_UIApplicationSupportsIndirectInputEvents = YES;
				INFOPLIST_KEY_UILaunchStoryboardName = LaunchScreen;
				INFOPLIST_KEY_UIRequiresFullScreen = YES;
				INFOPLIST_KEY_UISupportedInterfaceOrientations = "UIInterfaceOrientationLandscapeLeft UIInterfaceOrientationLandscapeRight";
				IPHONEOS_DEPLOYMENT_TARGET = 18.0;
				LD_RUNPATH_SEARCH_PATHS = (
					"$(inherited)",
					"@executable_path/Frameworks",
				);
				MARKETING_VERSION = 2.3;
				PRODUCT_BUNDLE_IDENTIFIER = com.neuburg.matt.LinkSame;
				PRODUCT_NAME = LinkSame;
				SWIFT_EMIT_LOC_STRINGS = YES;
				SWIFT_UPCOMING_FEATURE_EXISTENTIAL_ANY = YES;
				SWIFT_VERSION = 6.0;
				TARGETED_DEVICE_FAMILY = "1,2";
			};
			name = Release;
		};
		3F6B092E2DDBC17F0053C85C /* Debug */ = {
			isa = XCBuildConfiguration;
			buildSettings = {
				ALWAYS_SEARCH_USER_PATHS = NO;
				ASSETCATALOG_COMPILER_GENERATE_SWIFT_ASSET_SYMBOL_EXTENSIONS = YES;
				CLANG_ANALYZER_NONNULL = YES;
				CLANG_ANALYZER_NUMBER_OBJECT_CONVERSION = YES_AGGRESSIVE;
				CLANG_CXX_LANGUAGE_STANDARD = "gnu++20";
				CLANG_ENABLE_MODULES = YES;
				CLANG_ENABLE_OBJC_ARC = YES;
				CLANG_ENABLE_OBJC_WEAK = YES;
				CLANG_WARN_BLOCK_CAPTURE_AUTORELEASING = YES;
				CLANG_WARN_BOOL_CONVERSION = YES;
				CLANG_WARN_COMMA = YES;
				CLANG_WARN_CONSTANT_CONVERSION = YES;
				CLANG_WARN_DEPRECATED_OBJC_IMPLEMENTATIONS = YES;
				CLANG_WARN_DIRECT_OBJC_ISA_USAGE = YES_ERROR;
				CLANG_WARN_DOCUMENTATION_COMMENTS = YES;
				CLANG_WARN_EMPTY_BODY = YES;
				CLANG_WARN_ENUM_CONVERSION = YES;
				CLANG_WARN_INFINITE_RECURSION = YES;
				CLANG_WARN_INT_CONVERSION = YES;
				CLANG_WARN_NON_LITERAL_NULL_CONVERSION = YES;
				CLANG_WARN_OBJC_IMPLICIT_RETAIN_SELF = YES;
				CLANG_WARN_OBJC_LITERAL_CONVERSION = YES;
				CLANG_WARN_OBJC_ROOT_CLASS = YES_ERROR;
				CLANG_WARN_QUOTED_INCLUDE_IN_FRAMEWORK_HEADER = YES;
				CLANG_WARN_RANGE_LOOP_ANALYSIS = YES;
				CLANG_WARN_STRICT_PROTOTYPES = YES;
				CLANG_WARN_SUSPICIOUS_MOVE = YES;
				CLANG_WARN_UNGUARDED_AVAILABILITY = YES_AGGRESSIVE;
				CLANG_WARN_UNREACHABLE_CODE = YES;
				CLANG_WARN__DUPLICATE_METHOD_MATCH = YES;
				COPY_PHASE_STRIP = NO;
				DEBUG_INFORMATION_FORMAT = dwarf;
				DEVELOPMENT_TEAM = W3LHX5RGV2;
				ENABLE_STRICT_OBJC_MSGSEND = YES;
				ENABLE_TESTABILITY = YES;
				ENABLE_USER_SCRIPT_SANDBOXING = YES;
				GCC_C_LANGUAGE_STANDARD = gnu17;
				GCC_DYNAMIC_NO_PIC = NO;
				GCC_NO_COMMON_BLOCKS = YES;
				GCC_OPTIMIZATION_LEVEL = 0;
				GCC_PREPROCESSOR_DEFINITIONS = (
					"DEBUG=1",
					"$(inherited)",
				);
				GCC_WARN_64_TO_32_BIT_CONVERSION = YES;
				GCC_WARN_ABOUT_RETURN_TYPE = YES_ERROR;
				GCC_WARN_UNDECLARED_SELECTOR = YES;
				GCC_WARN_UNINITIALIZED_AUTOS = YES_AGGRESSIVE;
				GCC_WARN_UNUSED_FUNCTION = YES;
				GCC_WARN_UNUSED_VARIABLE = YES;
				IPHONEOS_DEPLOYMENT_TARGET = 18.5;
				LOCALIZATION_PREFERS_STRING_CATALOGS = YES;
				MTL_ENABLE_DEBUG_INFO = INCLUDE_SOURCE;
				MTL_FAST_MATH = YES;
				ONLY_ACTIVE_ARCH = YES;
				SDKROOT = iphoneos;
				SWIFT_ACTIVE_COMPILATION_CONDITIONS = "DEBUG $(inherited)";
				SWIFT_OPTIMIZATION_LEVEL = "-Onone";
			};
			name = Debug;
		};
		3F6B092F2DDBC17F0053C85C /* Release */ = {
			isa = XCBuildConfiguration;
			buildSettings = {
				ALWAYS_SEARCH_USER_PATHS = NO;
				ASSETCATALOG_COMPILER_GENERATE_SWIFT_ASSET_SYMBOL_EXTENSIONS = YES;
				CLANG_ANALYZER_NONNULL = YES;
				CLANG_ANALYZER_NUMBER_OBJECT_CONVERSION = YES_AGGRESSIVE;
				CLANG_CXX_LANGUAGE_STANDARD = "gnu++20";
				CLANG_ENABLE_MODULES = YES;
				CLANG_ENABLE_OBJC_ARC = YES;
				CLANG_ENABLE_OBJC_WEAK = YES;
				CLANG_WARN_BLOCK_CAPTURE_AUTORELEASING = YES;
				CLANG_WARN_BOOL_CONVERSION = YES;
				CLANG_WARN_COMMA = YES;
				CLANG_WARN_CONSTANT_CONVERSION = YES;
				CLANG_WARN_DEPRECATED_OBJC_IMPLEMENTATIONS = YES;
				CLANG_WARN_DIRECT_OBJC_ISA_USAGE = YES_ERROR;
				CLANG_WARN_DOCUMENTATION_COMMENTS = YES;
				CLANG_WARN_EMPTY_BODY = YES;
				CLANG_WARN_ENUM_CONVERSION = YES;
				CLANG_WARN_INFINITE_RECURSION = YES;
				CLANG_WARN_INT_CONVERSION = YES;
				CLANG_WARN_NON_LITERAL_NULL_CONVERSION = YES;
				CLANG_WARN_OBJC_IMPLICIT_RETAIN_SELF = YES;
				CLANG_WARN_OBJC_LITERAL_CONVERSION = YES;
				CLANG_WARN_OBJC_ROOT_CLASS = YES_ERROR;
				CLANG_WARN_QUOTED_INCLUDE_IN_FRAMEWORK_HEADER = YES;
				CLANG_WARN_RANGE_LOOP_ANALYSIS = YES;
				CLANG_WARN_STRICT_PROTOTYPES = YES;
				CLANG_WARN_SUSPICIOUS_MOVE = YES;
				CLANG_WARN_UNGUARDED_AVAILABILITY = YES_AGGRESSIVE;
				CLANG_WARN_UNREACHABLE_CODE = YES;
				CLANG_WARN__DUPLICATE_METHOD_MATCH = YES;
				COPY_PHASE_STRIP = NO;
				DEBUG_INFORMATION_FORMAT = "dwarf-with-dsym";
				DEVELOPMENT_TEAM = W3LHX5RGV2;
				ENABLE_NS_ASSERTIONS = NO;
				ENABLE_STRICT_OBJC_MSGSEND = YES;
				ENABLE_USER_SCRIPT_SANDBOXING = YES;
				GCC_C_LANGUAGE_STANDARD = gnu17;
				GCC_NO_COMMON_BLOCKS = YES;
				GCC_WARN_64_TO_32_BIT_CONVERSION = YES;
				GCC_WARN_ABOUT_RETURN_TYPE = YES_ERROR;
				GCC_WARN_UNDECLARED_SELECTOR = YES;
				GCC_WARN_UNINITIALIZED_AUTOS = YES_AGGRESSIVE;
				GCC_WARN_UNUSED_FUNCTION = YES;
				GCC_WARN_UNUSED_VARIABLE = YES;
				IPHONEOS_DEPLOYMENT_TARGET = 18.5;
				LOCALIZATION_PREFERS_STRING_CATALOGS = YES;
				MTL_ENABLE_DEBUG_INFO = NO;
				MTL_FAST_MATH = YES;
				SDKROOT = iphoneos;
				SWIFT_COMPILATION_MODE = wholemodule;
				VALIDATE_PRODUCT = YES;
			};
			name = Release;
		};
/* End XCBuildConfiguration section */

/* Begin XCConfigurationList section */
		3F2955C42DDF7C7D0080F31B /* Build configuration list for PBXNativeTarget "LinkSameTests" */ = {
			isa = XCConfigurationList;
			buildConfigurations = (
				3F2955C52DDF7C7D0080F31B /* Debug */,
				3F2955C62DDF7C7D0080F31B /* Release */,
			);
			defaultConfigurationIsVisible = 0;
			defaultConfigurationName = Release;
		};
		3F6B09132DDBC17E0053C85C /* Build configuration list for PBXProject "LinkSameNew" */ = {
			isa = XCConfigurationList;
			buildConfigurations = (
				3F6B092E2DDBC17F0053C85C /* Debug */,
				3F6B092F2DDBC17F0053C85C /* Release */,
			);
			defaultConfigurationIsVisible = 0;
			defaultConfigurationName = Release;
		};
		3F6B092B2DDBC17F0053C85C /* Build configuration list for PBXNativeTarget "LinkSameNew" */ = {
			isa = XCConfigurationList;
			buildConfigurations = (
				3F6B092C2DDBC17F0053C85C /* Debug */,
				3F6B092D2DDBC17F0053C85C /* Release */,
			);
			defaultConfigurationIsVisible = 0;
			defaultConfigurationName = Release;
		};
/* End XCConfigurationList section */

/* Begin XCRemoteSwiftPackageReference section */
		3F0BBD1F2DE0A9D000D60735 /* XCRemoteSwiftPackageReference "swift-snapshot-testing" */ = {
			isa = XCRemoteSwiftPackageReference;
			repositoryURL = "https://github.com/pointfreeco/swift-snapshot-testing";
			requirement = {
				kind = upToNextMajorVersion;
				minimumVersion = 1.18.4;
			};
		};
		3FE2612B2DEF914500E69400 /* XCRemoteSwiftPackageReference "WaitWhile" */ = {
			isa = XCRemoteSwiftPackageReference;
			repositoryURL = "https://github.com/mattneub/WaitWhile";
			requirement = {
				branch = main;
				kind = branch;
			};
		};
/* End XCRemoteSwiftPackageReference section */

/* Begin XCSwiftPackageProductDependency section */
		3F0BBD202DE0A9D000D60735 /* SnapshotTesting */ = {
			isa = XCSwiftPackageProductDependency;
			package = 3F0BBD1F2DE0A9D000D60735 /* XCRemoteSwiftPackageReference "swift-snapshot-testing" */;
			productName = SnapshotTesting;
		};
		3FE2612C2DEF914500E69400 /* WaitWhile */ = {
			isa = XCSwiftPackageProductDependency;
			package = 3FE2612B2DEF914500E69400 /* XCRemoteSwiftPackageReference "WaitWhile" */;
			productName = WaitWhile;
		};
/* End XCSwiftPackageProductDependency section */
	};
	rootObject = 3F6B09102DDBC17E0053C85C /* Project object */;
}
